
Microsoft Visual Studio Solution File, Format Version 12.00
# Visual Studio Version 16
VisualStudioVersion = 16.0.29613.14
MinimumVisualStudioVersion = 10.0.40219.1
Project("{FAE04EC0-301F-11D3-BF4B-00C04F79EFBC}") = "WebApplication2", "WebApplication2\WebApplication2.csproj", "{ABADC2C9-A629-4AB0-B32B-A2109EA28FC4}"
EndProject
Project("{FAE04EC0-301F-11D3-BF4B-00C04F79EFBC}") = "WebApplication1", "WebApplication1\WebApplication1.csproj", "{FAD02F20-B196-4FBC-AACF-1CD2E45AC330}"
EndProject
Project("{FAE04EC0-301F-11D3-BF4B-00C04F79EFBC}") = "WebApplication3", "WebApplication3\WebApplication3.csproj", "{5731F032-0A06-4321-85EC-50B0228CA511}"
EndProject
Project("{FAE04EC0-301F-11D3-BF4B-00C04F79EFBC}") = "WebApplication4", "WebApplication4\WebApplication4.csproj", "{B24974B7-1023-487E-A92A-F19B71CC2436}"
EndProject
Global
	GlobalSection(SolutionConfigurationPlatforms) = preSolution
		Debug|Any CPU = Debug|Any CPU
		Release|Any CPU = Release|Any CPU
	EndGlobalSection
	GlobalSection(ProjectConfigurationPlatforms) = postSolution
		{ABADC2C9-A629-4AB0-B32B-A2109EA28FC4}.Debug|Any CPU.ActiveCfg = Debug|Any CPU
		{ABADC2C9-A629-4AB0-B32B-A2109EA28FC4}.Debug|Any CPU.Build.0 = Debug|Any CPU
		{ABADC2C9-A629-4AB0-B32B-A2109EA28FC4}.Release|Any CPU.ActiveCfg = Release|Any CPU
		{ABADC2C9-A629-4AB0-B32B-A2109EA28FC4}.Release|Any CPU.Build.0 = Release|Any CPU
		{FAD02F20-B196-4FBC-AACF-1CD2E45AC330}.Debug|Any CPU.ActiveCfg = Debug|Any CPU
		{FAD02F20-B196-4FBC-AACF-1CD2E45AC330}.Debug|Any CPU.Build.0 = Debug|Any CPU
		{FAD02F20-B196-4FBC-AACF-1CD2E45AC330}.Release|Any CPU.ActiveCfg = Release|Any CPU
		{FAD02F20-B196-4FBC-AACF-1CD2E45AC330}.Release|Any CPU.Build.0 = Release|Any CPU
		{5731F032-0A06-4321-85EC-50B0228CA511}.Debug|Any CPU.ActiveCfg = Debug|Any CPU
		{5731F032-0A06-4321-85EC-50B0228CA511}.Debug|Any CPU.Build.0 = Debug|Any CPU
		{5731F032-0A06-4321-85EC-50B0228CA511}.Release|Any CPU.ActiveCfg = Release|Any CPU
		{5731F032-0A06-4321-85EC-50B0228CA511}.Release|Any CPU.Build.0 = Release|Any CPU
		{B24974B7-1023-487E-A92A-F19B71CC2436}.Debug|Any CPU.ActiveCfg = Debug|Any CPU
		{B24974B7-1023-487E-A92A-F19B71CC2436}.Debug|Any CPU.Build.0 = Debug|Any CPU
		{B24974B7-1023-487E-A92A-F19B71CC2436}.Release|Any CPU.ActiveCfg = Release|Any CPU
		{B24974B7-1023-487E-A92A-F19B71CC2436}.Release|Any CPU.Build.0 = Release|Any CPU
	EndGlobalSection
	GlobalSection(SolutionProperties) = preSolution
		HideSolutionNode = FALSE
	EndGlobalSection
	GlobalSection(ExtensibilityGlobals) = postSolution
		SolutionGuid = {F1844497-1FB1-4233-B3B3-A93D2394DD8E}
	EndGlobalSection
EndGlobal
